<?xml version="1.0" encoding="UTF-8"?>
<!DOCTYPE plist PUBLIC "-//Apple//DTD PLIST 1.0//EN" "http://www.apple.com/DTDs/PropertyList-1.0.dtd">
<plist version="1.0">
<dict>
	<key>archiveVersion</key>
	<string>1</string>
	<key>classes</key>
	<dict/>
	<key>objectVersion</key>
	<string>46</string>
	<key>objects</key>
	<dict>
		<key>3628774435114AB88C96CF50</key>
		<dict>
			<key>buildActionMask</key>
			<string>2147483647</string>
			<key>files</key>
			<array/>
			<key>inputPaths</key>
			<array/>
			<key>isa</key>
			<string>PBXShellScriptBuildPhase</string>
			<key>name</key>
			<string>Copy Pods Resources</string>
			<key>outputPaths</key>
			<array/>
			<key>runOnlyForDeploymentPostprocessing</key>
			<string>0</string>
			<key>shellPath</key>
			<string>/bin/sh</string>
			<key>shellScript</key>
			<string>"${SRCROOT}/Pods/Pods-resources.sh"
</string>
			<key>showEnvVarsInLog</key>
			<string>0</string>
		</dict>
		<key>51CA4C3A3CA14771B48A67FB</key>
		<dict>
			<key>explicitFileType</key>
			<string>archive.ar</string>
			<key>includeInIndex</key>
			<string>0</string>
			<key>isa</key>
			<string>PBXFileReference</string>
			<key>path</key>
			<string>libPods.a</string>
			<key>sourceTree</key>
			<string>BUILT_PRODUCTS_DIR</string>
		</dict>
		<key>736C75C8DC264245B139B26B</key>
		<dict>
			<key>buildActionMask</key>
			<string>2147483647</string>
			<key>files</key>
			<array/>
			<key>inputPaths</key>
			<array/>
			<key>isa</key>
			<string>PBXShellScriptBuildPhase</string>
			<key>name</key>
			<string>Check Pods Manifest.lock</string>
			<key>outputPaths</key>
			<array/>
			<key>runOnlyForDeploymentPostprocessing</key>
			<string>0</string>
			<key>shellPath</key>
			<string>/bin/sh</string>
			<key>shellScript</key>
			<string>diff "${PODS_ROOT}/../Podfile.lock" "${PODS_ROOT}/Manifest.lock" &gt; /dev/null
if [[ $? != 0 ]] ; then
    cat &lt;&lt; EOM
error: The sandbox is not in sync with the Podfile.lock. Run 'pod install' or update your CocoaPods installation.
EOM
    exit 1
fi
</string>
			<key>showEnvVarsInLog</key>
			<string>0</string>
		</dict>
		<key>8902810607444673A8E4481D</key>
		<dict>
			<key>fileRef</key>
			<string>51CA4C3A3CA14771B48A67FB</string>
			<key>isa</key>
			<string>PBXBuildFile</string>
		</dict>
		<key>BF6B7120086A476DB82CCA2A</key>
		<dict>
			<key>includeInIndex</key>
			<string>1</string>
			<key>isa</key>
			<string>PBXFileReference</string>
			<key>lastKnownFileType</key>
			<string>text.xcconfig</string>
			<key>name</key>
			<string>Pods.xcconfig</string>
			<key>path</key>
			<string>Pods/Pods.xcconfig</string>
			<key>sourceTree</key>
			<string>&lt;group&gt;</string>
		</dict>
		<key>CD38BF1419106ACC00E4AABC</key>
		<dict>
			<key>children</key>
			<array>
				<string>CD38BF2619106ACC00E4AABC</string>
				<string>CD38BF3F19106ACC00E4AABC</string>
				<string>CD38BF1F19106ACC00E4AABC</string>
				<string>CD38BF1E19106ACC00E4AABC</string>
				<string>BF6B7120086A476DB82CCA2A</string>
			</array>
			<key>isa</key>
			<string>PBXGroup</string>
			<key>sourceTree</key>
			<string>&lt;group&gt;</string>
		</dict>
		<key>CD38BF1519106ACC00E4AABC</key>
		<dict>
			<key>attributes</key>
			<dict>
				<key>CLASSPREFIX</key>
				<string>HS</string>
				<key>LastUpgradeCheck</key>
				<string>0510</string>
				<key>ORGANIZATIONNAME</key>
				<string>Patrick Reynolds</string>
				<key>TargetAttributes</key>
				<dict>
					<key>CD38BF3719106ACC00E4AABC</key>
					<dict>
						<key>TestTargetID</key>
						<string>CD38BF1C19106ACC00E4AABC</string>
					</dict>
				</dict>
			</dict>
			<key>buildConfigurationList</key>
			<string>CD38BF1819106ACC00E4AABC</string>
			<key>compatibilityVersion</key>
			<string>Xcode 3.2</string>
			<key>developmentRegion</key>
			<string>English</string>
			<key>hasScannedForEncodings</key>
			<string>0</string>
			<key>isa</key>
			<string>PBXProject</string>
			<key>knownRegions</key>
			<array>
				<string>en</string>
			</array>
			<key>mainGroup</key>
			<string>CD38BF1419106ACC00E4AABC</string>
			<key>productRefGroup</key>
			<string>CD38BF1E19106ACC00E4AABC</string>
			<key>projectDirPath</key>
			<string></string>
			<key>projectReferences</key>
			<array/>
			<key>projectRoot</key>
			<string></string>
			<key>targets</key>
			<array>
				<string>CD38BF1C19106ACC00E4AABC</string>
				<string>CD38BF3719106ACC00E4AABC</string>
			</array>
		</dict>
		<key>CD38BF1819106ACC00E4AABC</key>
		<dict>
			<key>buildConfigurations</key>
			<array>
				<string>CD38BF4719106ACC00E4AABC</string>
				<string>CD38BF4819106ACC00E4AABC</string>
			</array>
			<key>defaultConfigurationIsVisible</key>
			<string>0</string>
			<key>defaultConfigurationName</key>
			<string>Release</string>
			<key>isa</key>
			<string>XCConfigurationList</string>
		</dict>
		<key>CD38BF1919106ACC00E4AABC</key>
		<dict>
			<key>buildActionMask</key>
			<string>2147483647</string>
			<key>files</key>
			<array>
				<string>CD38BF2D19106ACC00E4AABC</string>
				<string>CD38BF3119106ACC00E4AABC</string>
			</array>
			<key>isa</key>
			<string>PBXSourcesBuildPhase</string>
			<key>runOnlyForDeploymentPostprocessing</key>
			<string>0</string>
		</dict>
		<key>CD38BF1A19106ACC00E4AABC</key>
		<dict>
			<key>buildActionMask</key>
			<string>2147483647</string>
			<key>files</key>
			<array>
				<string>CD38BF2319106ACC00E4AABC</string>
				<string>CD38BF2519106ACC00E4AABC</string>
				<string>CD38BF2119106ACC00E4AABC</string>
				<string>8902810607444673A8E4481D</string>
			</array>
			<key>isa</key>
			<string>PBXFrameworksBuildPhase</string>
			<key>runOnlyForDeploymentPostprocessing</key>
			<string>0</string>
		</dict>
		<key>CD38BF1B19106ACC00E4AABC</key>
		<dict>
			<key>buildActionMask</key>
			<string>2147483647</string>
			<key>files</key>
			<array>
				<string>CD38BF2B19106ACC00E4AABC</string>
				<string>CD38BF3319106ACC00E4AABC</string>
			</array>
			<key>isa</key>
			<string>PBXResourcesBuildPhase</string>
			<key>runOnlyForDeploymentPostprocessing</key>
			<string>0</string>
		</dict>
		<key>CD38BF1C19106ACC00E4AABC</key>
		<dict>
			<key>buildConfigurationList</key>
			<string>CD38BF4919106ACC00E4AABC</string>
			<key>buildPhases</key>
			<array>
				<string>736C75C8DC264245B139B26B</string>
				<string>CD38BF1919106ACC00E4AABC</string>
				<string>CD38BF1A19106ACC00E4AABC</string>
				<string>CD38BF1B19106ACC00E4AABC</string>
				<string>3628774435114AB88C96CF50</string>
			</array>
			<key>buildRules</key>
			<array/>
			<key>dependencies</key>
			<array/>
			<key>isa</key>
			<string>PBXNativeTarget</string>
			<key>name</key>
			<string>Hot Spot</string>
			<key>productName</key>
			<string>Hot Spot</string>
			<key>productReference</key>
			<string>CD38BF1D19106ACC00E4AABC</string>
			<key>productType</key>
			<string>com.apple.product-type.application</string>
		</dict>
		<key>CD38BF1D19106ACC00E4AABC</key>
		<dict>
			<key>explicitFileType</key>
			<string>wrapper.application</string>
			<key>includeInIndex</key>
			<string>0</string>
			<key>isa</key>
			<string>PBXFileReference</string>
			<key>path</key>
			<string>Hot Spot.app</string>
			<key>sourceTree</key>
			<string>BUILT_PRODUCTS_DIR</string>
		</dict>
		<key>CD38BF1E19106ACC00E4AABC</key>
		<dict>
			<key>children</key>
			<array>
				<string>CD38BF1D19106ACC00E4AABC</string>
				<string>CD38BF3819106ACC00E4AABC</string>
			</array>
			<key>isa</key>
			<string>PBXGroup</string>
			<key>name</key>
			<string>Products</string>
			<key>sourceTree</key>
			<string>&lt;group&gt;</string>
		</dict>
		<key>CD38BF1F19106ACC00E4AABC</key>
		<dict>
			<key>children</key>
			<array>
				<string>CD38BF2019106ACC00E4AABC</string>
				<string>CD38BF2219106ACC00E4AABC</string>
				<string>CD38BF2419106ACC00E4AABC</string>
				<string>CD38BF3919106ACC00E4AABC</string>
				<string>51CA4C3A3CA14771B48A67FB</string>
			</array>
			<key>isa</key>
			<string>PBXGroup</string>
			<key>name</key>
			<string>Frameworks</string>
			<key>sourceTree</key>
			<string>&lt;group&gt;</string>
		</dict>
		<key>CD38BF2019106ACC00E4AABC</key>
		<dict>
			<key>isa</key>
			<string>PBXFileReference</string>
			<key>lastKnownFileType</key>
			<string>wrapper.framework</string>
			<key>name</key>
			<string>Foundation.framework</string>
			<key>path</key>
			<string>System/Library/Frameworks/Foundation.framework</string>
			<key>sourceTree</key>
			<string>SDKROOT</string>
		</dict>
		<key>CD38BF2119106ACC00E4AABC</key>
		<dict>
			<key>fileRef</key>
			<string>CD38BF2019106ACC00E4AABC</string>
			<key>isa</key>
			<string>PBXBuildFile</string>
		</dict>
		<key>CD38BF2219106ACC00E4AABC</key>
		<dict>
			<key>isa</key>
			<string>PBXFileReference</string>
			<key>lastKnownFileType</key>
			<string>wrapper.framework</string>
			<key>name</key>
			<string>CoreGraphics.framework</string>
			<key>path</key>
			<string>System/Library/Frameworks/CoreGraphics.framework</string>
			<key>sourceTree</key>
			<string>SDKROOT</string>
		</dict>
		<key>CD38BF2319106ACC00E4AABC</key>
		<dict>
			<key>fileRef</key>
			<string>CD38BF2219106ACC00E4AABC</string>
			<key>isa</key>
			<string>PBXBuildFile</string>
		</dict>
		<key>CD38BF2419106ACC00E4AABC</key>
		<dict>
			<key>isa</key>
			<string>PBXFileReference</string>
			<key>lastKnownFileType</key>
			<string>wrapper.framework</string>
			<key>name</key>
			<string>UIKit.framework</string>
			<key>path</key>
			<string>System/Library/Frameworks/UIKit.framework</string>
			<key>sourceTree</key>
			<string>SDKROOT</string>
		</dict>
		<key>CD38BF2519106ACC00E4AABC</key>
		<dict>
			<key>fileRef</key>
			<string>CD38BF2419106ACC00E4AABC</string>
			<key>isa</key>
			<string>PBXBuildFile</string>
		</dict>
		<key>CD38BF2619106ACC00E4AABC</key>
		<dict>
			<key>children</key>
			<array>
				<string>CD38BF2F19106ACC00E4AABC</string>
				<string>CD38BF3019106ACC00E4AABC</string>
				<string>CD38BF3219106ACC00E4AABC</string>
				<string>CD38BF2719106ACC00E4AABC</string>
			</array>
			<key>isa</key>
			<string>PBXGroup</string>
			<key>path</key>
			<string>Hot Spot</string>
			<key>sourceTree</key>
			<string>&lt;group&gt;</string>
		</dict>
		<key>CD38BF2719106ACC00E4AABC</key>
		<dict>
			<key>children</key>
			<array>
				<string>CD38BF2819106ACC00E4AABC</string>
				<string>CD38BF2919106ACC00E4AABC</string>
				<string>CD38BF2C19106ACC00E4AABC</string>
				<string>CD38BF2E19106ACC00E4AABC</string>
			</array>
			<key>isa</key>
			<string>PBXGroup</string>
			<key>name</key>
			<string>Supporting Files</string>
			<key>sourceTree</key>
			<string>&lt;group&gt;</string>
		</dict>
		<key>CD38BF2819106ACC00E4AABC</key>
		<dict>
			<key>isa</key>
			<string>PBXFileReference</string>
			<key>lastKnownFileType</key>
			<string>text.plist.xml</string>
			<key>path</key>
			<string>Hot Spot-Info.plist</string>
			<key>sourceTree</key>
			<string>&lt;group&gt;</string>
		</dict>
		<key>CD38BF2919106ACC00E4AABC</key>
		<dict>
			<key>children</key>
			<array>
				<string>CD38BF2A19106ACC00E4AABC</string>
			</array>
			<key>isa</key>
			<string>PBXVariantGroup</string>
			<key>name</key>
			<string>InfoPlist.strings</string>
			<key>sourceTree</key>
			<string>&lt;group&gt;</string>
		</dict>
		<key>CD38BF2A19106ACC00E4AABC</key>
		<dict>
			<key>isa</key>
			<string>PBXFileReference</string>
			<key>lastKnownFileType</key>
			<string>text.plist.strings</string>
			<key>name</key>
			<string>en</string>
			<key>path</key>
			<string>en.lproj/InfoPlist.strings</string>
			<key>sourceTree</key>
			<string>&lt;group&gt;</string>
		</dict>
		<key>CD38BF2B19106ACC00E4AABC</key>
		<dict>
			<key>fileRef</key>
			<string>CD38BF2919106ACC00E4AABC</string>
			<key>isa</key>
			<string>PBXBuildFile</string>
		</dict>
		<key>CD38BF2C19106ACC00E4AABC</key>
		<dict>
			<key>isa</key>
			<string>PBXFileReference</string>
			<key>lastKnownFileType</key>
			<string>sourcecode.c.objc</string>
			<key>path</key>
			<string>main.m</string>
			<key>sourceTree</key>
			<string>&lt;group&gt;</string>
		</dict>
		<key>CD38BF2D19106ACC00E4AABC</key>
		<dict>
			<key>fileRef</key>
			<string>CD38BF2C19106ACC00E4AABC</string>
			<key>isa</key>
			<string>PBXBuildFile</string>
		</dict>
		<key>CD38BF2E19106ACC00E4AABC</key>
		<dict>
			<key>isa</key>
			<string>PBXFileReference</string>
			<key>lastKnownFileType</key>
			<string>sourcecode.c.h</string>
			<key>path</key>
			<string>Hot Spot-Prefix.pch</string>
			<key>sourceTree</key>
			<string>&lt;group&gt;</string>
		</dict>
		<key>CD38BF2F19106ACC00E4AABC</key>
		<dict>
			<key>isa</key>
			<string>PBXFileReference</string>
			<key>lastKnownFileType</key>
			<string>sourcecode.c.h</string>
			<key>path</key>
			<string>HSAppDelegate.h</string>
			<key>sourceTree</key>
			<string>&lt;group&gt;</string>
		</dict>
		<key>CD38BF3019106ACC00E4AABC</key>
		<dict>
			<key>isa</key>
			<string>PBXFileReference</string>
			<key>lastKnownFileType</key>
			<string>sourcecode.c.objc</string>
			<key>path</key>
			<string>HSAppDelegate.m</string>
			<key>sourceTree</key>
			<string>&lt;group&gt;</string>
		</dict>
		<key>CD38BF3119106ACC00E4AABC</key>
		<dict>
			<key>fileRef</key>
			<string>CD38BF3019106ACC00E4AABC</string>
			<key>isa</key>
			<string>PBXBuildFile</string>
		</dict>
		<key>CD38BF3219106ACC00E4AABC</key>
		<dict>
			<key>isa</key>
			<string>PBXFileReference</string>
			<key>lastKnownFileType</key>
			<string>folder.assetcatalog</string>
			<key>path</key>
			<string>Images.xcassets</string>
			<key>sourceTree</key>
			<string>&lt;group&gt;</string>
		</dict>
		<key>CD38BF3319106ACC00E4AABC</key>
		<dict>
			<key>fileRef</key>
			<string>CD38BF3219106ACC00E4AABC</string>
			<key>isa</key>
			<string>PBXBuildFile</string>
		</dict>
		<key>CD38BF3419106ACC00E4AABC</key>
		<dict>
			<key>buildActionMask</key>
			<string>2147483647</string>
			<key>files</key>
			<array>
				<string>CD38BF4619106ACC00E4AABC</string>
			</array>
			<key>isa</key>
			<string>PBXSourcesBuildPhase</string>
			<key>runOnlyForDeploymentPostprocessing</key>
			<string>0</string>
		</dict>
		<key>CD38BF3519106ACC00E4AABC</key>
		<dict>
			<key>buildActionMask</key>
			<string>2147483647</string>
			<key>files</key>
			<array>
				<string>CD38BF3A19106ACC00E4AABC</string>
				<string>CD38BF3C19106ACC00E4AABC</string>
				<string>CD38BF3B19106ACC00E4AABC</string>
			</array>
			<key>isa</key>
			<string>PBXFrameworksBuildPhase</string>
			<key>runOnlyForDeploymentPostprocessing</key>
			<string>0</string>
		</dict>
		<key>CD38BF3619106ACC00E4AABC</key>
		<dict>
			<key>buildActionMask</key>
			<string>2147483647</string>
			<key>files</key>
			<array>
				<string>CD38BF4419106ACC00E4AABC</string>
			</array>
			<key>isa</key>
			<string>PBXResourcesBuildPhase</string>
			<key>runOnlyForDeploymentPostprocessing</key>
			<string>0</string>
		</dict>
		<key>CD38BF3719106ACC00E4AABC</key>
		<dict>
			<key>buildConfigurationList</key>
			<string>CD38BF4C19106ACC00E4AABC</string>
			<key>buildPhases</key>
			<array>
				<string>CD38BF3419106ACC00E4AABC</string>
				<string>CD38BF3519106ACC00E4AABC</string>
				<string>CD38BF3619106ACC00E4AABC</string>
			</array>
			<key>buildRules</key>
			<array/>
			<key>dependencies</key>
			<array>
				<string>CD38BF3E19106ACC00E4AABC</string>
			</array>
			<key>isa</key>
			<string>PBXNativeTarget</string>
			<key>name</key>
			<string>Hot SpotTests</string>
			<key>productName</key>
			<string>Hot SpotTests</string>
			<key>productReference</key>
			<string>CD38BF3819106ACC00E4AABC</string>
			<key>productType</key>
			<string>com.apple.product-type.bundle.unit-test</string>
		</dict>
		<key>CD38BF3819106ACC00E4AABC</key>
		<dict>
			<key>explicitFileType</key>
			<string>wrapper.cfbundle</string>
			<key>includeInIndex</key>
			<string>0</string>
			<key>isa</key>
			<string>PBXFileReference</string>
			<key>path</key>
			<string>Hot SpotTests.xctest</string>
			<key>sourceTree</key>
			<string>BUILT_PRODUCTS_DIR</string>
		</dict>
		<key>CD38BF3919106ACC00E4AABC</key>
		<dict>
			<key>isa</key>
			<string>PBXFileReference</string>
			<key>lastKnownFileType</key>
			<string>wrapper.framework</string>
			<key>name</key>
			<string>XCTest.framework</string>
			<key>path</key>
			<string>Library/Frameworks/XCTest.framework</string>
			<key>sourceTree</key>
			<string>DEVELOPER_DIR</string>
		</dict>
		<key>CD38BF3A19106ACC00E4AABC</key>
		<dict>
			<key>fileRef</key>
			<string>CD38BF3919106ACC00E4AABC</string>
			<key>isa</key>
			<string>PBXBuildFile</string>
		</dict>
		<key>CD38BF3B19106ACC00E4AABC</key>
		<dict>
			<key>fileRef</key>
			<string>CD38BF2019106ACC00E4AABC</string>
			<key>isa</key>
			<string>PBXBuildFile</string>
		</dict>
		<key>CD38BF3C19106ACC00E4AABC</key>
		<dict>
			<key>fileRef</key>
			<string>CD38BF2419106ACC00E4AABC</string>
			<key>isa</key>
			<string>PBXBuildFile</string>
		</dict>
		<key>CD38BF3D19106ACC00E4AABC</key>
		<dict>
			<key>containerPortal</key>
			<string>CD38BF1519106ACC00E4AABC</string>
			<key>isa</key>
			<string>PBXContainerItemProxy</string>
			<key>proxyType</key>
			<string>1</string>
			<key>remoteGlobalIDString</key>
			<string>CD38BF1C19106ACC00E4AABC</string>
			<key>remoteInfo</key>
			<string>Hot Spot</string>
		</dict>
		<key>CD38BF3E19106ACC00E4AABC</key>
		<dict>
			<key>isa</key>
			<string>PBXTargetDependency</string>
			<key>target</key>
			<string>CD38BF1C19106ACC00E4AABC</string>
			<key>targetProxy</key>
			<string>CD38BF3D19106ACC00E4AABC</string>
		</dict>
		<key>CD38BF3F19106ACC00E4AABC</key>
		<dict>
			<key>children</key>
			<array>
				<string>CD38BF4519106ACC00E4AABC</string>
				<string>CD38BF4019106ACC00E4AABC</string>
			</array>
			<key>isa</key>
			<string>PBXGroup</string>
			<key>path</key>
			<string>Hot SpotTests</string>
			<key>sourceTree</key>
			<string>&lt;group&gt;</string>
		</dict>
		<key>CD38BF4019106ACC00E4AABC</key>
		<dict>
			<key>children</key>
			<array>
				<string>CD38BF4119106ACC00E4AABC</string>
				<string>CD38BF4219106ACC00E4AABC</string>
			</array>
			<key>isa</key>
			<string>PBXGroup</string>
			<key>name</key>
			<string>Supporting Files</string>
			<key>sourceTree</key>
			<string>&lt;group&gt;</string>
		</dict>
		<key>CD38BF4119106ACC00E4AABC</key>
		<dict>
			<key>isa</key>
			<string>PBXFileReference</string>
			<key>lastKnownFileType</key>
			<string>text.plist.xml</string>
			<key>path</key>
			<string>Hot SpotTests-Info.plist</string>
			<key>sourceTree</key>
			<string>&lt;group&gt;</string>
		</dict>
		<key>CD38BF4219106ACC00E4AABC</key>
		<dict>
			<key>children</key>
			<array>
				<string>CD38BF4319106ACC00E4AABC</string>
			</array>
			<key>isa</key>
			<string>PBXVariantGroup</string>
			<key>name</key>
			<string>InfoPlist.strings</string>
			<key>sourceTree</key>
			<string>&lt;group&gt;</string>
		</dict>
		<key>CD38BF4319106ACC00E4AABC</key>
		<dict>
			<key>isa</key>
			<string>PBXFileReference</string>
			<key>lastKnownFileType</key>
			<string>text.plist.strings</string>
			<key>name</key>
			<string>en</string>
			<key>path</key>
			<string>en.lproj/InfoPlist.strings</string>
			<key>sourceTree</key>
			<string>&lt;group&gt;</string>
		</dict>
		<key>CD38BF4419106ACC00E4AABC</key>
		<dict>
			<key>fileRef</key>
			<string>CD38BF4219106ACC00E4AABC</string>
			<key>isa</key>
			<string>PBXBuildFile</string>
		</dict>
		<key>CD38BF4519106ACC00E4AABC</key>
		<dict>
			<key>isa</key>
			<string>PBXFileReference</string>
			<key>lastKnownFileType</key>
			<string>sourcecode.c.objc</string>
			<key>path</key>
			<string>Hot_SpotTests.m</string>
			<key>sourceTree</key>
			<string>&lt;group&gt;</string>
		</dict>
		<key>CD38BF4619106ACC00E4AABC</key>
		<dict>
			<key>fileRef</key>
			<string>CD38BF4519106ACC00E4AABC</string>
			<key>isa</key>
			<string>PBXBuildFile</string>
		</dict>
		<key>CD38BF4719106ACC00E4AABC</key>
		<dict>
			<key>buildSettings</key>
			<dict>
				<key>ALWAYS_SEARCH_USER_PATHS</key>
				<string>NO</string>
				<key>CLANG_CXX_LANGUAGE_STANDARD</key>
				<string>gnu++0x</string>
				<key>CLANG_CXX_LIBRARY</key>
				<string>libc++</string>
				<key>CLANG_ENABLE_MODULES</key>
				<string>YES</string>
				<key>CLANG_ENABLE_OBJC_ARC</key>
				<string>YES</string>
				<key>CLANG_WARN_BOOL_CONVERSION</key>
				<string>YES</string>
				<key>CLANG_WARN_CONSTANT_CONVERSION</key>
				<string>YES</string>
				<key>CLANG_WARN_DIRECT_OBJC_ISA_USAGE</key>
				<string>YES_ERROR</string>
				<key>CLANG_WARN_EMPTY_BODY</key>
				<string>YES</string>
				<key>CLANG_WARN_ENUM_CONVERSION</key>
				<string>YES</string>
				<key>CLANG_WARN_INT_CONVERSION</key>
				<string>YES</string>
				<key>CLANG_WARN_OBJC_ROOT_CLASS</key>
				<string>YES_ERROR</string>
				<key>CLANG_WARN__DUPLICATE_METHOD_MATCH</key>
				<string>YES</string>
				<key>CODE_SIGN_IDENTITY[sdk=iphoneos*]</key>
				<string>iPhone Developer</string>
				<key>COPY_PHASE_STRIP</key>
				<string>NO</string>
				<key>GCC_C_LANGUAGE_STANDARD</key>
				<string>gnu99</string>
				<key>GCC_DYNAMIC_NO_PIC</key>
				<string>NO</string>
				<key>GCC_OPTIMIZATION_LEVEL</key>
				<string>0</string>
				<key>GCC_PREPROCESSOR_DEFINITIONS</key>
				<array>
					<string>DEBUG=1</string>
					<string>$(inherited)</string>
				</array>
				<key>GCC_SYMBOLS_PRIVATE_EXTERN</key>
				<string>NO</string>
				<key>GCC_WARN_64_TO_32_BIT_CONVERSION</key>
				<string>YES</string>
				<key>GCC_WARN_ABOUT_RETURN_TYPE</key>
				<string>YES_ERROR</string>
				<key>GCC_WARN_UNDECLARED_SELECTOR</key>
				<string>YES</string>
				<key>GCC_WARN_UNINITIALIZED_AUTOS</key>
				<string>YES_AGGRESSIVE</string>
				<key>GCC_WARN_UNUSED_FUNCTION</key>
				<string>YES</string>
				<key>GCC_WARN_UNUSED_VARIABLE</key>
				<string>YES</string>
				<key>IPHONEOS_DEPLOYMENT_TARGET</key>
				<string>7.1</string>
				<key>ONLY_ACTIVE_ARCH</key>
				<string>YES</string>
				<key>SDKROOT</key>
				<string>iphoneos</string>
			</dict>
			<key>isa</key>
			<string>XCBuildConfiguration</string>
			<key>name</key>
			<string>Debug</string>
		</dict>
		<key>CD38BF4819106ACC00E4AABC</key>
		<dict>
			<key>buildSettings</key>
			<dict>
				<key>ALWAYS_SEARCH_USER_PATHS</key>
				<string>NO</string>
				<key>CLANG_CXX_LANGUAGE_STANDARD</key>
				<string>gnu++0x</string>
				<key>CLANG_CXX_LIBRARY</key>
				<string>libc++</string>
				<key>CLANG_ENABLE_MODULES</key>
				<string>YES</string>
				<key>CLANG_ENABLE_OBJC_ARC</key>
				<string>YES</string>
				<key>CLANG_WARN_BOOL_CONVERSION</key>
				<string>YES</string>
				<key>CLANG_WARN_CONSTANT_CONVERSION</key>
				<string>YES</string>
				<key>CLANG_WARN_DIRECT_OBJC_ISA_USAGE</key>
				<string>YES_ERROR</string>
				<key>CLANG_WARN_EMPTY_BODY</key>
				<string>YES</string>
				<key>CLANG_WARN_ENUM_CONVERSION</key>
				<string>YES</string>
				<key>CLANG_WARN_INT_CONVERSION</key>
				<string>YES</string>
				<key>CLANG_WARN_OBJC_ROOT_CLASS</key>
				<string>YES_ERROR</string>
				<key>CLANG_WARN__DUPLICATE_METHOD_MATCH</key>
				<string>YES</string>
				<key>CODE_SIGN_IDENTITY[sdk=iphoneos*]</key>
				<string>iPhone Developer</string>
				<key>COPY_PHASE_STRIP</key>
				<string>YES</string>
				<key>ENABLE_NS_ASSERTIONS</key>
				<string>NO</string>
				<key>GCC_C_LANGUAGE_STANDARD</key>
				<string>gnu99</string>
				<key>GCC_WARN_64_TO_32_BIT_CONVERSION</key>
				<string>YES</string>
				<key>GCC_WARN_ABOUT_RETURN_TYPE</key>
				<string>YES_ERROR</string>
				<key>GCC_WARN_UNDECLARED_SELECTOR</key>
				<string>YES</string>
				<key>GCC_WARN_UNINITIALIZED_AUTOS</key>
				<string>YES_AGGRESSIVE</string>
				<key>GCC_WARN_UNUSED_FUNCTION</key>
				<string>YES</string>
				<key>GCC_WARN_UNUSED_VARIABLE</key>
				<string>YES</string>
				<key>IPHONEOS_DEPLOYMENT_TARGET</key>
				<string>7.1</string>
				<key>SDKROOT</key>
				<string>iphoneos</string>
				<key>VALIDATE_PRODUCT</key>
				<string>YES</string>
			</dict>
			<key>isa</key>
			<string>XCBuildConfiguration</string>
			<key>name</key>
			<string>Release</string>
		</dict>
		<key>CD38BF4919106ACC00E4AABC</key>
		<dict>
			<key>buildConfigurations</key>
			<array>
				<string>CD38BF4A19106ACC00E4AABC</string>
				<string>CD38BF4B19106ACC00E4AABC</string>
			</array>
			<key>defaultConfigurationIsVisible</key>
			<string>0</string>
			<key>isa</key>
			<string>XCConfigurationList</string>
		</dict>
		<key>CD38BF4A19106ACC00E4AABC</key>
		<dict>
			<key>baseConfigurationReference</key>
			<string>BF6B7120086A476DB82CCA2A</string>
			<key>buildSettings</key>
			<dict>
				<key>ASSETCATALOG_COMPILER_APPICON_NAME</key>
				<string>AppIcon</string>
				<key>ASSETCATALOG_COMPILER_LAUNCHIMAGE_NAME</key>
				<string>LaunchImage</string>
				<key>GCC_PRECOMPILE_PREFIX_HEADER</key>
				<string>YES</string>
				<key>GCC_PREFIX_HEADER</key>
				<string>Hot Spot/Hot Spot-Prefix.pch</string>
				<key>INFOPLIST_FILE</key>
				<string>Hot Spot/Hot Spot-Info.plist</string>
				<key>PRODUCT_NAME</key>
				<string>$(TARGET_NAME)</string>
				<key>WRAPPER_EXTENSION</key>
				<string>app</string>
			</dict>
			<key>isa</key>
			<string>XCBuildConfiguration</string>
			<key>name</key>
			<string>Debug</string>
		</dict>
		<key>CD38BF4B19106ACC00E4AABC</key>
		<dict>
			<key>baseConfigurationReference</key>
			<string>BF6B7120086A476DB82CCA2A</string>
			<key>buildSettings</key>
			<dict>
				<key>ASSETCATALOG_COMPILER_APPICON_NAME</key>
				<string>AppIcon</string>
				<key>ASSETCATALOG_COMPILER_LAUNCHIMAGE_NAME</key>
				<string>LaunchImage</string>
				<key>GCC_PRECOMPILE_PREFIX_HEADER</key>
				<string>YES</string>
				<key>GCC_PREFIX_HEADER</key>
				<string>Hot Spot/Hot Spot-Prefix.pch</string>
				<key>INFOPLIST_FILE</key>
				<string>Hot Spot/Hot Spot-Info.plist</string>
				<key>PRODUCT_NAME</key>
				<string>$(TARGET_NAME)</string>
				<key>WRAPPER_EXTENSION</key>
				<string>app</string>
			</dict>
			<key>isa</key>
			<string>XCBuildConfiguration</string>
			<key>name</key>
			<string>Release</string>
		</dict>
		<key>CD38BF4C19106ACC00E4AABC</key>
		<dict>
			<key>buildConfigurations</key>
			<array>
				<string>CD38BF4D19106ACC00E4AABC</string>
				<string>CD38BF4E19106ACC00E4AABC</string>
			</array>
			<key>defaultConfigurationIsVisible</key>
			<string>0</string>
			<key>isa</key>
			<string>XCConfigurationList</string>
		</dict>
		<key>CD38BF4D19106ACC00E4AABC</key>
		<dict>
			<key>buildSettings</key>
			<dict>
				<key>BUNDLE_LOADER</key>
				<string>$(BUILT_PRODUCTS_DIR)/Hot Spot.app/Hot Spot</string>
				<key>FRAMEWORK_SEARCH_PATHS</key>
				<array>
					<string>$(SDKROOT)/Developer/Library/Frameworks</string>
					<string>$(inherited)</string>
					<string>$(DEVELOPER_FRAMEWORKS_DIR)</string>
				</array>
				<key>GCC_PRECOMPILE_PREFIX_HEADER</key>
				<string>YES</string>
				<key>GCC_PREFIX_HEADER</key>
				<string>Hot Spot/Hot Spot-Prefix.pch</string>
				<key>GCC_PREPROCESSOR_DEFINITIONS</key>
				<array>
					<string>DEBUG=1</string>
					<string>$(inherited)</string>
				</array>
				<key>INFOPLIST_FILE</key>
				<string>Hot SpotTests/Hot SpotTests-Info.plist</string>
				<key>PRODUCT_NAME</key>
				<string>$(TARGET_NAME)</string>
				<key>TEST_HOST</key>
				<string>$(BUNDLE_LOADER)</string>
				<key>WRAPPER_EXTENSION</key>
				<string>xctest</string>
			</dict>
			<key>isa</key>
			<string>XCBuildConfiguration</string>
			<key>name</key>
			<string>Debug</string>
		</dict>
		<key>CD38BF4E19106ACC00E4AABC</key>
		<dict>
			<key>buildSettings</key>
			<dict>
				<key>BUNDLE_LOADER</key>
				<string>$(BUILT_PRODUCTS_DIR)/Hot Spot.app/Hot Spot</string>
				<key>FRAMEWORK_SEARCH_PATHS</key>
				<array>
					<string>$(SDKROOT)/Developer/Library/Frameworks</string>
					<string>$(inherited)</string>
					<string>$(DEVELOPER_FRAMEWORKS_DIR)</string>
				</array>
				<key>GCC_PRECOMPILE_PREFIX_HEADER</key>
				<string>YES</string>
				<key>GCC_PREFIX_HEADER</key>
				<string>Hot Spot/Hot Spot-Prefix.pch</string>
				<key>INFOPLIST_FILE</key>
				<string>Hot SpotTests/Hot SpotTests-Info.plist</string>
				<key>PRODUCT_NAME</key>
				<string>$(TARGET_NAME)</string>
				<key>TEST_HOST</key>
				<string>$(BUNDLE_LOADER)</string>
				<key>WRAPPER_EXTENSION</key>
				<string>xctest</string>
			</dict>
			<key>isa</key>
			<string>XCBuildConfiguration</string>
			<key>name</key>
			<string>Release</string>
		</dict>
	</dict>
	<key>rootObject</key>
	<string>CD38BF1519106ACC00E4AABC</string>
</dict>
</plist>
